
Microsoft Visual Studio Solution File, Format Version 12.00
# Visual Studio Version 17
VisualStudioVersion = 17.3.32929.385
MinimumVisualStudioVersion = 10.0.40219.1
Project("{FAE04EC0-301F-11D3-BF4B-00C04F79EFBC}") = "Models", "Models\Models.csproj", "{84E21736-A4B1-437A-AA36-C5E81AB17209}"
EndProject
Project("{FAE04EC0-301F-11D3-BF4B-00C04F79EFBC}") = "DAL", "DAL\DAL.csproj", "{A4E91ACC-512D-48D4-B352-0B1C3D3901D4}"
EndProject
Project("{FAE04EC0-301F-11D3-BF4B-00C04F79EFBC}") = "BLL", "BLL\BLL.csproj", "{28DAC61F-9F96-48CE-946A-4D01687F1ED3}"
EndProject
Project("{FAE04EC0-301F-11D3-BF4B-00C04F79EFBC}") = "UIWinFormsApp", "UIWinFormsApp\UIWinFormsApp.csproj", "{3C828F73-AE67-418C-B1F2-19207AC8EDA7}"
EndProject
Global
	GlobalSection(SolutionConfigurationPlatforms) = preSolution
		Debug|Any CPU = Debug|Any CPU
		Release|Any CPU = Release|Any CPU
	EndGlobalSection
	GlobalSection(ProjectConfigurationPlatforms) = postSolution
		{84E21736-A4B1-437A-AA36-C5E81AB17209}.Debug|Any CPU.ActiveCfg = Debug|Any CPU
		{84E21736-A4B1-437A-AA36-C5E81AB17209}.Debug|Any CPU.Build.0 = Debug|Any CPU
		{84E21736-A4B1-437A-AA36-C5E81AB17209}.Release|Any CPU.ActiveCfg = Release|Any CPU
		{84E21736-A4B1-437A-AA36-C5E81AB17209}.Release|Any CPU.Build.0 = Release|Any CPU
		{A4E91ACC-512D-48D4-B352-0B1C3D3901D4}.Debug|Any CPU.ActiveCfg = Debug|Any CPU
		{A4E91ACC-512D-48D4-B352-0B1C3D3901D4}.Debug|Any CPU.Build.0 = Debug|Any CPU
		{A4E91ACC-512D-48D4-B352-0B1C3D3901D4}.Release|Any CPU.ActiveCfg = Release|Any CPU
		{A4E91ACC-512D-48D4-B352-0B1C3D3901D4}.Release|Any CPU.Build.0 = Release|Any CPU
		{28DAC61F-9F96-48CE-946A-4D01687F1ED3}.Debug|Any CPU.ActiveCfg = Debug|Any CPU
		{28DAC61F-9F96-48CE-946A-4D01687F1ED3}.Debug|Any CPU.Build.0 = Debug|Any CPU
		{28DAC61F-9F96-48CE-946A-4D01687F1ED3}.Release|Any CPU.ActiveCfg = Release|Any CPU
		{28DAC61F-9F96-48CE-946A-4D01687F1ED3}.Release|Any CPU.Build.0 = Release|Any CPU
		{3C828F73-AE67-418C-B1F2-19207AC8EDA7}.Debug|Any CPU.ActiveCfg = Debug|Any CPU
		{3C828F73-AE67-418C-B1F2-19207AC8EDA7}.Debug|Any CPU.Build.0 = Debug|Any CPU
		{3C828F73-AE67-418C-B1F2-19207AC8EDA7}.Release|Any CPU.ActiveCfg = Release|Any CPU
		{3C828F73-AE67-418C-B1F2-19207AC8EDA7}.Release|Any CPU.Build.0 = Release|Any CPU
	EndGlobalSection
	GlobalSection(SolutionProperties) = preSolution
		HideSolutionNode = FALSE
	EndGlobalSection
	GlobalSection(ExtensibilityGlobals) = postSolution
		SolutionGuid = {91434B37-7976-49F5-A803-2D816FA03C09}
	EndGlobalSection
EndGlobal
